// !$*UTF8*$!
{
	archiveVersion = 1;
	classes = {
	};
	objectVersion = 56;
	objects = {

/* Begin PBXBuildFile section */
		FA60ED812B939D840003A730 /* RestartBarCodeScannerApp.swift in Sources */ = {isa = PBXBuildFile; fileRef = FA60ED802B939D840003A730 /* RestartBarCodeScannerApp.swift */; };
		FA60ED832B939D840003A730 /* ContentView.swift in Sources */ = {isa = PBXBuildFile; fileRef = FA60ED822B939D840003A730 /* ContentView.swift */; };
		FA60ED852B939D860003A730 /* Assets.xcassets in Resources */ = {isa = PBXBuildFile; fileRef = FA60ED842B939D860003A730 /* Assets.xcassets */; };
		FA60ED882B939D860003A730 /* Preview Assets.xcassets in Resources */ = {isa = PBXBuildFile; fileRef = FA60ED872B939D860003A730 /* Preview Assets.xcassets */; };
		FA60ED902B939F6B0003A730 /* SwiftCSV in Frameworks */ = {isa = PBXBuildFile; productRef = FA60ED8F2B939F6B0003A730 /* SwiftCSV */; };
		FA60ED922B93A0390003A730 /* ScanScreen.swift in Sources */ = {isa = PBXBuildFile; fileRef = FA60ED912B93A0390003A730 /* ScanScreen.swift */; };
		FA60ED942B93A1400003A730 /* View.swift in Sources */ = {isa = PBXBuildFile; fileRef = FA60ED932B93A1400003A730 /* View.swift */; };
		FA60ED962B93A2810003A730 /* GoogleService-Info.plist in Resources */ = {isa = PBXBuildFile; fileRef = FA60ED952B93A2810003A730 /* GoogleService-Info.plist */; };
		FA60ED992B93A44B0003A730 /* FirebaseAnalytics in Frameworks */ = {isa = PBXBuildFile; productRef = FA60ED982B93A44B0003A730 /* FirebaseAnalytics */; };
		FA60ED9B2B93A44B0003A730 /* FirebaseAnalyticsOnDeviceConversion in Frameworks */ = {isa = PBXBuildFile; productRef = FA60ED9A2B93A44B0003A730 /* FirebaseAnalyticsOnDeviceConversion */; };
		FA60ED9D2B93A44B0003A730 /* FirebaseAnalyticsSwift in Frameworks */ = {isa = PBXBuildFile; productRef = FA60ED9C2B93A44B0003A730 /* FirebaseAnalyticsSwift */; };
		FA60ED9F2B93A44B0003A730 /* FirebaseAnalyticsWithoutAdIdSupport in Frameworks */ = {isa = PBXBuildFile; productRef = FA60ED9E2B93A44B0003A730 /* FirebaseAnalyticsWithoutAdIdSupport */; };
		FA60EDA12B93A44B0003A730 /* FirebaseAppCheck in Frameworks */ = {isa = PBXBuildFile; productRef = FA60EDA02B93A44B0003A730 /* FirebaseAppCheck */; };
		FA60EDA32B93A44B0003A730 /* FirebaseAppDistribution-Beta in Frameworks */ = {isa = PBXBuildFile; productRef = FA60EDA22B93A44B0003A730 /* FirebaseAppDistribution-Beta */; };
		FA60EDA52B93A44B0003A730 /* FirebaseAuth in Frameworks */ = {isa = PBXBuildFile; productRef = FA60EDA42B93A44B0003A730 /* FirebaseAuth */; };
		FA60EDA72B93A44B0003A730 /* FirebaseAuthCombine-Community in Frameworks */ = {isa = PBXBuildFile; productRef = FA60EDA62B93A44B0003A730 /* FirebaseAuthCombine-Community */; };
		FA60EDA92B93A44B0003A730 /* FirebaseCrashlytics in Frameworks */ = {isa = PBXBuildFile; productRef = FA60EDA82B93A44B0003A730 /* FirebaseCrashlytics */; };
		FA60EDAB2B93A44B0003A730 /* FirebaseDatabase in Frameworks */ = {isa = PBXBuildFile; productRef = FA60EDAA2B93A44B0003A730 /* FirebaseDatabase */; };
		FA60EDAD2B93A44B0003A730 /* FirebaseDatabaseSwift in Frameworks */ = {isa = PBXBuildFile; productRef = FA60EDAC2B93A44B0003A730 /* FirebaseDatabaseSwift */; };
		FA60EDAF2B93A44B0003A730 /* FirebaseDynamicLinks in Frameworks */ = {isa = PBXBuildFile; productRef = FA60EDAE2B93A44B0003A730 /* FirebaseDynamicLinks */; };
		FA60EDB12B93A44B0003A730 /* FirebaseFirestore in Frameworks */ = {isa = PBXBuildFile; productRef = FA60EDB02B93A44B0003A730 /* FirebaseFirestore */; };
		FA60EDB32B93A44B0003A730 /* FirebaseFirestoreCombine-Community in Frameworks */ = {isa = PBXBuildFile; productRef = FA60EDB22B93A44B0003A730 /* FirebaseFirestoreCombine-Community */; };
		FA60EDB52B93A44B0003A730 /* FirebaseFirestoreSwift in Frameworks */ = {isa = PBXBuildFile; productRef = FA60EDB42B93A44B0003A730 /* FirebaseFirestoreSwift */; };
		FA60EDB72B93A44B0003A730 /* FirebaseFunctions in Frameworks */ = {isa = PBXBuildFile; productRef = FA60EDB62B93A44B0003A730 /* FirebaseFunctions */; };
		FA60EDB92B93A44B0003A730 /* FirebaseFunctionsCombine-Community in Frameworks */ = {isa = PBXBuildFile; productRef = FA60EDB82B93A44B0003A730 /* FirebaseFunctionsCombine-Community */; };
		FA60EDBB2B93A44B0003A730 /* FirebaseInAppMessaging-Beta in Frameworks */ = {isa = PBXBuildFile; productRef = FA60EDBA2B93A44B0003A730 /* FirebaseInAppMessaging-Beta */; };
		FA60EDBD2B93A44B0003A730 /* FirebaseInAppMessagingSwift-Beta in Frameworks */ = {isa = PBXBuildFile; productRef = FA60EDBC2B93A44B0003A730 /* FirebaseInAppMessagingSwift-Beta */; };
		FA60EDBF2B93A44B0003A730 /* FirebaseInstallations in Frameworks */ = {isa = PBXBuildFile; productRef = FA60EDBE2B93A44B0003A730 /* FirebaseInstallations */; };
		FA60EDC12B93A44B0003A730 /* FirebaseMLModelDownloader in Frameworks */ = {isa = PBXBuildFile; productRef = FA60EDC02B93A44B0003A730 /* FirebaseMLModelDownloader */; };
		FA60EDC32B93A44B0003A730 /* FirebaseMessaging in Frameworks */ = {isa = PBXBuildFile; productRef = FA60EDC22B93A44B0003A730 /* FirebaseMessaging */; };
		FA60EDC52B93A44B0003A730 /* FirebasePerformance in Frameworks */ = {isa = PBXBuildFile; productRef = FA60EDC42B93A44B0003A730 /* FirebasePerformance */; };
		FA60EDC72B93A44B0003A730 /* FirebaseRemoteConfig in Frameworks */ = {isa = PBXBuildFile; productRef = FA60EDC62B93A44B0003A730 /* FirebaseRemoteConfig */; };
		FA60EDC92B93A44B0003A730 /* FirebaseRemoteConfigSwift in Frameworks */ = {isa = PBXBuildFile; productRef = FA60EDC82B93A44B0003A730 /* FirebaseRemoteConfigSwift */; };
		FA60EDCB2B93A44B0003A730 /* FirebaseStorage in Frameworks */ = {isa = PBXBuildFile; productRef = FA60EDCA2B93A44B0003A730 /* FirebaseStorage */; };
		FA60EDCD2B93A44B0003A730 /* FirebaseStorageCombine-Community in Frameworks */ = {isa = PBXBuildFile; productRef = FA60EDCC2B93A44B0003A730 /* FirebaseStorageCombine-Community */; };
		FA60EDCF2B93A6990003A730 /* UploadCSVScreen.swift in Sources */ = {isa = PBXBuildFile; fileRef = FA60EDCE2B93A6990003A730 /* UploadCSVScreen.swift */; };
/* End PBXBuildFile section */

/* Begin PBXFileReference section */
		FA60ED7D2B939D840003A730 /* RestartBarCodeScanner.app */ = {isa = PBXFileReference; explicitFileType = wrapper.application; includeInIndex = 0; path = RestartBarCodeScanner.app; sourceTree = BUILT_PRODUCTS_DIR; };
		FA60ED802B939D840003A730 /* RestartBarCodeScannerApp.swift */ = {isa = PBXFileReference; lastKnownFileType = sourcecode.swift; path = RestartBarCodeScannerApp.swift; sourceTree = "<group>"; };
		FA60ED822B939D840003A730 /* ContentView.swift */ = {isa = PBXFileReference; lastKnownFileType = sourcecode.swift; path = ContentView.swift; sourceTree = "<group>"; };
		FA60ED842B939D860003A730 /* Assets.xcassets */ = {isa = PBXFileReference; lastKnownFileType = folder.assetcatalog; path = Assets.xcassets; sourceTree = "<group>"; };
		FA60ED872B939D860003A730 /* Preview Assets.xcassets */ = {isa = PBXFileReference; lastKnownFileType = folder.assetcatalog; path = "Preview Assets.xcassets"; sourceTree = "<group>"; };
		FA60ED912B93A0390003A730 /* ScanScreen.swift */ = {isa = PBXFileReference; lastKnownFileType = sourcecode.swift; path = ScanScreen.swift; sourceTree = "<group>"; };
		FA60ED932B93A1400003A730 /* View.swift */ = {isa = PBXFileReference; lastKnownFileType = sourcecode.swift; path = View.swift; sourceTree = "<group>"; };
		FA60ED952B93A2810003A730 /* GoogleService-Info.plist */ = {isa = PBXFileReference; fileEncoding = 4; lastKnownFileType = text.plist.xml; path = "GoogleService-Info.plist"; sourceTree = "<group>"; };
		FA60EDCE2B93A6990003A730 /* UploadCSVScreen.swift */ = {isa = PBXFileReference; lastKnownFileType = sourcecode.swift; path = UploadCSVScreen.swift; sourceTree = "<group>"; };
/* End PBXFileReference section */

/* Begin PBXFrameworksBuildPhase section */
		FA60ED7A2B939D840003A730 /* Frameworks */ = {
			isa = PBXFrameworksBuildPhase;
			buildActionMask = 2147483647;
			files = (
				FA60EDB72B93A44B0003A730 /* FirebaseFunctions in Frameworks */,
				FA60EDAD2B93A44B0003A730 /* FirebaseDatabaseSwift in Frameworks */,
				FA60EDBD2B93A44B0003A730 /* FirebaseInAppMessagingSwift-Beta in Frameworks */,
				FA60EDC32B93A44B0003A730 /* FirebaseMessaging in Frameworks */,
				FA60EDA32B93A44B0003A730 /* FirebaseAppDistribution-Beta in Frameworks */,
				FA60EDA72B93A44B0003A730 /* FirebaseAuthCombine-Community in Frameworks */,
				FA60EDB32B93A44B0003A730 /* FirebaseFirestoreCombine-Community in Frameworks */,
				FA60ED9D2B93A44B0003A730 /* FirebaseAnalyticsSwift in Frameworks */,
				FA60EDC12B93A44B0003A730 /* FirebaseMLModelDownloader in Frameworks */,
				FA60ED9F2B93A44B0003A730 /* FirebaseAnalyticsWithoutAdIdSupport in Frameworks */,
				FA60ED992B93A44B0003A730 /* FirebaseAnalytics in Frameworks */,
				FA60EDB52B93A44B0003A730 /* FirebaseFirestoreSwift in Frameworks */,
				FA60ED9B2B93A44B0003A730 /* FirebaseAnalyticsOnDeviceConversion in Frameworks */,
				FA60EDA12B93A44B0003A730 /* FirebaseAppCheck in Frameworks */,
				FA60EDC52B93A44B0003A730 /* FirebasePerformance in Frameworks */,
				FA60EDBB2B93A44B0003A730 /* FirebaseInAppMessaging-Beta in Frameworks */,
				FA60EDB92B93A44B0003A730 /* FirebaseFunctionsCombine-Community in Frameworks */,
				FA60EDA92B93A44B0003A730 /* FirebaseCrashlytics in Frameworks */,
				FA60EDBF2B93A44B0003A730 /* FirebaseInstallations in Frameworks */,
				FA60EDC72B93A44B0003A730 /* FirebaseRemoteConfig in Frameworks */,
				FA60EDCB2B93A44B0003A730 /* FirebaseStorage in Frameworks */,
				FA60EDAB2B93A44B0003A730 /* FirebaseDatabase in Frameworks */,
				FA60EDCD2B93A44B0003A730 /* FirebaseStorageCombine-Community in Frameworks */,
				FA60ED902B939F6B0003A730 /* SwiftCSV in Frameworks */,
				FA60EDA52B93A44B0003A730 /* FirebaseAuth in Frameworks */,
				FA60EDAF2B93A44B0003A730 /* FirebaseDynamicLinks in Frameworks */,
				FA60EDB12B93A44B0003A730 /* FirebaseFirestore in Frameworks */,
				FA60EDC92B93A44B0003A730 /* FirebaseRemoteConfigSwift in Frameworks */,
			);
			runOnlyForDeploymentPostprocessing = 0;
		};
/* End PBXFrameworksBuildPhase section */

/* Begin PBXGroup section */
		FA60ED742B939D840003A730 = {
			isa = PBXGroup;
			children = (
				FA60ED7F2B939D840003A730 /* RestartBarCodeScanner */,
				FA60ED7E2B939D840003A730 /* Products */,
			);
			sourceTree = "<group>";
		};
		FA60ED7E2B939D840003A730 /* Products */ = {
			isa = PBXGroup;
			children = (
				FA60ED7D2B939D840003A730 /* RestartBarCodeScanner.app */,
			);
			name = Products;
			sourceTree = "<group>";
		};
		FA60ED7F2B939D840003A730 /* RestartBarCodeScanner */ = {
			isa = PBXGroup;
			children = (
				FA60ED802B939D840003A730 /* RestartBarCodeScannerApp.swift */,
				FA60ED822B939D840003A730 /* ContentView.swift */,
				FA60ED912B93A0390003A730 /* ScanScreen.swift */,
				FA60ED952B93A2810003A730 /* GoogleService-Info.plist */,
				FA60ED842B939D860003A730 /* Assets.xcassets */,
				FA60ED862B939D860003A730 /* Preview Content */,
				FA60ED932B93A1400003A730 /* View.swift */,
				FA60EDCE2B93A6990003A730 /* UploadCSVScreen.swift */,
			);
			path = RestartBarCodeScanner;
			sourceTree = "<group>";
		};
		FA60ED862B939D860003A730 /* Preview Content */ = {
			isa = PBXGroup;
			children = (
				FA60ED872B939D860003A730 /* Preview Assets.xcassets */,
			);
			path = "Preview Content";
			sourceTree = "<group>";
		};
/* End PBXGroup section */

/* Begin PBXNativeTarget section */
		FA60ED7C2B939D840003A730 /* RestartBarCodeScanner */ = {
			isa = PBXNativeTarget;
			buildConfigurationList = FA60ED8B2B939D860003A730 /* Build configuration list for PBXNativeTarget "RestartBarCodeScanner" */;
			buildPhases = (
				FA60ED792B939D840003A730 /* Sources */,
				FA60ED7A2B939D840003A730 /* Frameworks */,
				FA60ED7B2B939D840003A730 /* Resources */,
			);
			buildRules = (
			);
			dependencies = (
			);
			name = RestartBarCodeScanner;
			packageProductDependencies = (
				FA60ED8F2B939F6B0003A730 /* SwiftCSV */,
				FA60ED982B93A44B0003A730 /* FirebaseAnalytics */,
				FA60ED9A2B93A44B0003A730 /* FirebaseAnalyticsOnDeviceConversion */,
				FA60ED9C2B93A44B0003A730 /* FirebaseAnalyticsSwift */,
				FA60ED9E2B93A44B0003A730 /* FirebaseAnalyticsWithoutAdIdSupport */,
				FA60EDA02B93A44B0003A730 /* FirebaseAppCheck */,
				FA60EDA22B93A44B0003A730 /* FirebaseAppDistribution-Beta */,
				FA60EDA42B93A44B0003A730 /* FirebaseAuth */,
				FA60EDA62B93A44B0003A730 /* FirebaseAuthCombine-Community */,
				FA60EDA82B93A44B0003A730 /* FirebaseCrashlytics */,
				FA60EDAA2B93A44B0003A730 /* FirebaseDatabase */,
				FA60EDAC2B93A44B0003A730 /* FirebaseDatabaseSwift */,
				FA60EDAE2B93A44B0003A730 /* FirebaseDynamicLinks */,
				FA60EDB02B93A44B0003A730 /* FirebaseFirestore */,
				FA60EDB22B93A44B0003A730 /* FirebaseFirestoreCombine-Community */,
				FA60EDB42B93A44B0003A730 /* FirebaseFirestoreSwift */,
				FA60EDB62B93A44B0003A730 /* FirebaseFunctions */,
				FA60EDB82B93A44B0003A730 /* FirebaseFunctionsCombine-Community */,
				FA60EDBA2B93A44B0003A730 /* FirebaseInAppMessaging-Beta */,
				FA60EDBC2B93A44B0003A730 /* FirebaseInAppMessagingSwift-Beta */,
				FA60EDBE2B93A44B0003A730 /* FirebaseInstallations */,
				FA60EDC02B93A44B0003A730 /* FirebaseMLModelDownloader */,
				FA60EDC22B93A44B0003A730 /* FirebaseMessaging */,
				FA60EDC42B93A44B0003A730 /* FirebasePerformance */,
				FA60EDC62B93A44B0003A730 /* FirebaseRemoteConfig */,
				FA60EDC82B93A44B0003A730 /* FirebaseRemoteConfigSwift */,
				FA60EDCA2B93A44B0003A730 /* FirebaseStorage */,
				FA60EDCC2B93A44B0003A730 /* FirebaseStorageCombine-Community */,
			);
			productName = RestartBarCodeScanner;
			productReference = FA60ED7D2B939D840003A730 /* RestartBarCodeScanner.app */;
			productType = "com.apple.product-type.application";
		};
/* End PBXNativeTarget section */

/* Begin PBXProject section */
		FA60ED752B939D840003A730 /* Project object */ = {
			isa = PBXProject;
			attributes = {
				BuildIndependentTargetsInParallel = 1;
				LastSwiftUpdateCheck = 1520;
				LastUpgradeCheck = 1520;
				TargetAttributes = {
					FA60ED7C2B939D840003A730 = {
						CreatedOnToolsVersion = 15.2;
					};
				};
			};
			buildConfigurationList = FA60ED782B939D840003A730 /* Build configuration list for PBXProject "RestartBarCodeScanner" */;
			compatibilityVersion = "Xcode 14.0";
			developmentRegion = en;
			hasScannedForEncodings = 0;
			knownRegions = (
				en,
				Base,
			);
			mainGroup = FA60ED742B939D840003A730;
			packageReferences = (
				FA60ED8E2B939F6B0003A730 /* XCRemoteSwiftPackageReference "SwiftCSV" */,
				FA60ED972B93A44A0003A730 /* XCRemoteSwiftPackageReference "firebase-ios-sdk" */,
			);
			productRefGroup = FA60ED7E2B939D840003A730 /* Products */;
			projectDirPath = "";
			projectRoot = "";
			targets = (
				FA60ED7C2B939D840003A730 /* RestartBarCodeScanner */,
			);
		};
/* End PBXProject section */

/* Begin PBXResourcesBuildPhase section */
		FA60ED7B2B939D840003A730 /* Resources */ = {
			isa = PBXResourcesBuildPhase;
			buildActionMask = 2147483647;
			files = (
				FA60ED882B939D860003A730 /* Preview Assets.xcassets in Resources */,
				FA60ED852B939D860003A730 /* Assets.xcassets in Resources */,
				FA60ED962B93A2810003A730 /* GoogleService-Info.plist in Resources */,
			);
			runOnlyForDeploymentPostprocessing = 0;
		};
/* End PBXResourcesBuildPhase section */

/* Begin PBXSourcesBuildPhase section */
		FA60ED792B939D840003A730 /* Sources */ = {
			isa = PBXSourcesBuildPhase;
			buildActionMask = 2147483647;
			files = (
				FA60ED942B93A1400003A730 /* View.swift in Sources */,
				FA60ED832B939D840003A730 /* ContentView.swift in Sources */,
				FA60ED812B939D840003A730 /* RestartBarCodeScannerApp.swift in Sources */,
				FA60ED922B93A0390003A730 /* ScanScreen.swift in Sources */,
				FA60EDCF2B93A6990003A730 /* UploadCSVScreen.swift in Sources */,
			);
			runOnlyForDeploymentPostprocessing = 0;
		};
/* End PBXSourcesBuildPhase section */

/* Begin XCBuildConfiguration section */
		FA60ED892B939D860003A730 /* Debug */ = {
			isa = XCBuildConfiguration;
			buildSettings = {
				ALWAYS_SEARCH_USER_PATHS = NO;
				ASSETCATALOG_COMPILER_GENERATE_SWIFT_ASSET_SYMBOL_EXTENSIONS = YES;
				CLANG_ANALYZER_NONNULL = YES;
				CLANG_ANALYZER_NUMBER_OBJECT_CONVERSION = YES_AGGRESSIVE;
				CLANG_CXX_LANGUAGE_STANDARD = "gnu++20";
				CLANG_ENABLE_MODULES = YES;
				CLANG_ENABLE_OBJC_ARC = YES;
				CLANG_ENABLE_OBJC_WEAK = YES;
				CLANG_WARN_BLOCK_CAPTURE_AUTORELEASING = YES;
				CLANG_WARN_BOOL_CONVERSION = YES;
				CLANG_WARN_COMMA = YES;
				CLANG_WARN_CONSTANT_CONVERSION = YES;
				CLANG_WARN_DEPRECATED_OBJC_IMPLEMENTATIONS = YES;
				CLANG_WARN_DIRECT_OBJC_ISA_USAGE = YES_ERROR;
				CLANG_WARN_DOCUMENTATION_COMMENTS = YES;
				CLANG_WARN_EMPTY_BODY = YES;
				CLANG_WARN_ENUM_CONVERSION = YES;
				CLANG_WARN_INFINITE_RECURSION = YES;
				CLANG_WARN_INT_CONVERSION = YES;
				CLANG_WARN_NON_LITERAL_NULL_CONVERSION = YES;
				CLANG_WARN_OBJC_IMPLICIT_RETAIN_SELF = YES;
				CLANG_WARN_OBJC_LITERAL_CONVERSION = YES;
				CLANG_WARN_OBJC_ROOT_CLASS = YES_ERROR;
				CLANG_WARN_QUOTED_INCLUDE_IN_FRAMEWORK_HEADER = YES;
				CLANG_WARN_RANGE_LOOP_ANALYSIS = YES;
				CLANG_WARN_STRICT_PROTOTYPES = YES;
				CLANG_WARN_SUSPICIOUS_MOVE = YES;
				CLANG_WARN_UNGUARDED_AVAILABILITY = YES_AGGRESSIVE;
				CLANG_WARN_UNREACHABLE_CODE = YES;
				CLANG_WARN__DUPLICATE_METHOD_MATCH = YES;
				COPY_PHASE_STRIP = NO;
				DEBUG_INFORMATION_FORMAT = dwarf;
				ENABLE_STRICT_OBJC_MSGSEND = YES;
				ENABLE_TESTABILITY = YES;
				ENABLE_USER_SCRIPT_SANDBOXING = YES;
				GCC_C_LANGUAGE_STANDARD = gnu17;
				GCC_DYNAMIC_NO_PIC = NO;
				GCC_NO_COMMON_BLOCKS = YES;
				GCC_OPTIMIZATION_LEVEL = 0;
				GCC_PREPROCESSOR_DEFINITIONS = (
					"DEBUG=1",
					"$(inherited)",
				);
				GCC_WARN_64_TO_32_BIT_CONVERSION = YES;
				GCC_WARN_ABOUT_RETURN_TYPE = YES_ERROR;
				GCC_WARN_UNDECLARED_SELECTOR = YES;
				GCC_WARN_UNINITIALIZED_AUTOS = YES_AGGRESSIVE;
				GCC_WARN_UNUSED_FUNCTION = YES;
				GCC_WARN_UNUSED_VARIABLE = YES;
				IPHONEOS_DEPLOYMENT_TARGET = 17.2;
				LOCALIZATION_PREFERS_STRING_CATALOGS = YES;
				MTL_ENABLE_DEBUG_INFO = INCLUDE_SOURCE;
				MTL_FAST_MATH = YES;
				ONLY_ACTIVE_ARCH = YES;
				SDKROOT = iphoneos;
				SWIFT_ACTIVE_COMPILATION_CONDITIONS = "DEBUG $(inherited)";
				SWIFT_OPTIMIZATION_LEVEL = "-Onone";
			};
			name = Debug;
		};
		FA60ED8A2B939D860003A730 /* Release */ = {
			isa = XCBuildConfiguration;
			buildSettings = {
				ALWAYS_SEARCH_USER_PATHS = NO;
				ASSETCATALOG_COMPILER_GENERATE_SWIFT_ASSET_SYMBOL_EXTENSIONS = YES;
				CLANG_ANALYZER_NONNULL = YES;
				CLANG_ANALYZER_NUMBER_OBJECT_CONVERSION = YES_AGGRESSIVE;
				CLANG_CXX_LANGUAGE_STANDARD = "gnu++20";
				CLANG_ENABLE_MODULES = YES;
				CLANG_ENABLE_OBJC_ARC = YES;
				CLANG_ENABLE_OBJC_WEAK = YES;
				CLANG_WARN_BLOCK_CAPTURE_AUTORELEASING = YES;
				CLANG_WARN_BOOL_CONVERSION = YES;
				CLANG_WARN_COMMA = YES;
				CLANG_WARN_CONSTANT_CONVERSION = YES;
				CLANG_WARN_DEPRECATED_OBJC_IMPLEMENTATIONS = YES;
				CLANG_WARN_DIRECT_OBJC_ISA_USAGE = YES_ERROR;
				CLANG_WARN_DOCUMENTATION_COMMENTS = YES;
				CLANG_WARN_EMPTY_BODY = YES;
				CLANG_WARN_ENUM_CONVERSION = YES;
				CLANG_WARN_INFINITE_RECURSION = YES;
				CLANG_WARN_INT_CONVERSION = YES;
				CLANG_WARN_NON_LITERAL_NULL_CONVERSION = YES;
				CLANG_WARN_OBJC_IMPLICIT_RETAIN_SELF = YES;
				CLANG_WARN_OBJC_LITERAL_CONVERSION = YES;
				CLANG_WARN_OBJC_ROOT_CLASS = YES_ERROR;
				CLANG_WARN_QUOTED_INCLUDE_IN_FRAMEWORK_HEADER = YES;
				CLANG_WARN_RANGE_LOOP_ANALYSIS = YES;
				CLANG_WARN_STRICT_PROTOTYPES = YES;
				CLANG_WARN_SUSPICIOUS_MOVE = YES;
				CLANG_WARN_UNGUARDED_AVAILABILITY = YES_AGGRESSIVE;
				CLANG_WARN_UNREACHABLE_CODE = YES;
				CLANG_WARN__DUPLICATE_METHOD_MATCH = YES;
				COPY_PHASE_STRIP = NO;
				DEBUG_INFORMATION_FORMAT = "dwarf-with-dsym";
				ENABLE_NS_ASSERTIONS = NO;
				ENABLE_STRICT_OBJC_MSGSEND = YES;
				ENABLE_USER_SCRIPT_SANDBOXING = YES;
				GCC_C_LANGUAGE_STANDARD = gnu17;
				GCC_NO_COMMON_BLOCKS = YES;
				GCC_WARN_64_TO_32_BIT_CONVERSION = YES;
				GCC_WARN_ABOUT_RETURN_TYPE = YES_ERROR;
				GCC_WARN_UNDECLARED_SELECTOR = YES;
				GCC_WARN_UNINITIALIZED_AUTOS = YES_AGGRESSIVE;
				GCC_WARN_UNUSED_FUNCTION = YES;
				GCC_WARN_UNUSED_VARIABLE = YES;
				IPHONEOS_DEPLOYMENT_TARGET = 17.2;
				LOCALIZATION_PREFERS_STRING_CATALOGS = YES;
				MTL_ENABLE_DEBUG_INFO = NO;
				MTL_FAST_MATH = YES;
				SDKROOT = iphoneos;
				SWIFT_COMPILATION_MODE = wholemodule;
				VALIDATE_PRODUCT = YES;
			};
			name = Release;
		};
		FA60ED8C2B939D860003A730 /* Debug */ = {
			isa = XCBuildConfiguration;
			buildSettings = {
				ASSETCATALOG_COMPILER_APPICON_NAME = AppIcon;
				ASSETCATALOG_COMPILER_GLOBAL_ACCENT_COLOR_NAME = AccentColor;
				CODE_SIGN_STYLE = Automatic;
				CURRENT_PROJECT_VERSION = 1;
				DEVELOPMENT_ASSET_PATHS = "\"RestartBarCodeScanner/Preview Content\"";
				DEVELOPMENT_TEAM = TDTJJT9YLY;
				ENABLE_PREVIEWS = YES;
				GENERATE_INFOPLIST_FILE = YES;
				INFOPLIST_KEY_CFBundleDisplayName = "Restart Scanner";
				INFOPLIST_KEY_UIApplicationSceneManifest_Generation = YES;
				INFOPLIST_KEY_UIApplicationSupportsIndirectInputEvents = YES;
				INFOPLIST_KEY_UILaunchScreen_Generation = YES;
				INFOPLIST_KEY_UISupportedInterfaceOrientations_iPad = "UIInterfaceOrientationPortrait UIInterfaceOrientationPortraitUpsideDown UIInterfaceOrientationLandscapeLeft UIInterfaceOrientationLandscapeRight";
				INFOPLIST_KEY_UISupportedInterfaceOrientations_iPhone = "UIInterfaceOrientationPortrait UIInterfaceOrientationLandscapeLeft UIInterfaceOrientationLandscapeRight";
				LD_RUNPATH_SEARCH_PATHS = (
					"$(inherited)",
					"@executable_path/Frameworks",
				);
				MARKETING_VERSION = 1.0;
				PRODUCT_BUNDLE_IDENTIFIER = com.awesomeApps.RestartBarCodeScanner;
				PRODUCT_NAME = "$(TARGET_NAME)";
				SWIFT_EMIT_LOC_STRINGS = YES;
				SWIFT_VERSION = 5.0;
				TARGETED_DEVICE_FAMILY = "1,2";
			};
			name = Debug;
		};
		FA60ED8D2B939D860003A730 /* Release */ = {
			isa = XCBuildConfiguration;
			buildSettings = {
				ASSETCATALOG_COMPILER_APPICON_NAME = AppIcon;
				ASSETCATALOG_COMPILER_GLOBAL_ACCENT_COLOR_NAME = AccentColor;
				CODE_SIGN_STYLE = Automatic;
				CURRENT_PROJECT_VERSION = 1;
				DEVELOPMENT_ASSET_PATHS = "\"RestartBarCodeScanner/Preview Content\"";
				DEVELOPMENT_TEAM = TDTJJT9YLY;
				ENABLE_PREVIEWS = YES;
				GENERATE_INFOPLIST_FILE = YES;
				INFOPLIST_KEY_CFBundleDisplayName = "Restart Scanner";
				INFOPLIST_KEY_UIApplicationSceneManifest_Generation = YES;
				INFOPLIST_KEY_UIApplicationSupportsIndirectInputEvents = YES;
				INFOPLIST_KEY_UILaunchScreen_Generation = YES;
				INFOPLIST_KEY_UISupportedInterfaceOrientations_iPad = "UIInterfaceOrientationPortrait UIInterfaceOrientationPortraitUpsideDown UIInterfaceOrientationLandscapeLeft UIInterfaceOrientationLandscapeRight";
				INFOPLIST_KEY_UISupportedInterfaceOrientations_iPhone = "UIInterfaceOrientationPortrait UIInterfaceOrientationLandscapeLeft UIInterfaceOrientationLandscapeRight";
				LD_RUNPATH_SEARCH_PATHS = (
					"$(inherited)",
					"@executable_path/Frameworks",
				);
				MARKETING_VERSION = 1.0;
				PRODUCT_BUNDLE_IDENTIFIER = com.awesomeApps.RestartBarCodeScanner;
				PRODUCT_NAME = "$(TARGET_NAME)";
				SWIFT_EMIT_LOC_STRINGS = YES;
				SWIFT_VERSION = 5.0;
				TARGETED_DEVICE_FAMILY = "1,2";
			};
			name = Release;
		};
/* End XCBuildConfiguration section */

/* Begin XCConfigurationList section */
		FA60ED782B939D840003A730 /* Build configuration list for PBXProject "RestartBarCodeScanner" */ = {
			isa = XCConfigurationList;
			buildConfigurations = (
				FA60ED892B939D860003A730 /* Debug */,
				FA60ED8A2B939D860003A730 /* Release */,
			);
			defaultConfigurationIsVisible = 0;
			defaultConfigurationName = Release;
		};
		FA60ED8B2B939D860003A730 /* Build configuration list for PBXNativeTarget "RestartBarCodeScanner" */ = {
			isa = XCConfigurationList;
			buildConfigurations = (
				FA60ED8C2B939D860003A730 /* Debug */,
				FA60ED8D2B939D860003A730 /* Release */,
			);
			defaultConfigurationIsVisible = 0;
			defaultConfigurationName = Release;
		};
/* End XCConfigurationList section */

/* Begin XCRemoteSwiftPackageReference section */
		FA60ED8E2B939F6B0003A730 /* XCRemoteSwiftPackageReference "SwiftCSV" */ = {
			isa = XCRemoteSwiftPackageReference;
			repositoryURL = "https://github.com/swiftcsv/SwiftCSV.git";
			requirement = {
				kind = upToNextMajorVersion;
				minimumVersion = 0.9.1;
			};
		};
		FA60ED972B93A44A0003A730 /* XCRemoteSwiftPackageReference "firebase-ios-sdk" */ = {
			isa = XCRemoteSwiftPackageReference;
			repositoryURL = "https://github.com/firebase/firebase-ios-sdk";
			requirement = {
				kind = upToNextMajorVersion;
				minimumVersion = 10.21.0;
			};
		};
/* End XCRemoteSwiftPackageReference section */

/* Begin XCSwiftPackageProductDependency section */
		FA60ED8F2B939F6B0003A730 /* SwiftCSV */ = {
			isa = XCSwiftPackageProductDependency;
			package = FA60ED8E2B939F6B0003A730 /* XCRemoteSwiftPackageReference "SwiftCSV" */;
			productName = SwiftCSV;
		};
		FA60ED982B93A44B0003A730 /* FirebaseAnalytics */ = {
			isa = XCSwiftPackageProductDependency;
			package = FA60ED972B93A44A0003A730 /* XCRemoteSwiftPackageReference "firebase-ios-sdk" */;
			productName = FirebaseAnalytics;
		};
		FA60ED9A2B93A44B0003A730 /* FirebaseAnalyticsOnDeviceConversion */ = {
			isa = XCSwiftPackageProductDependency;
			package = FA60ED972B93A44A0003A730 /* XCRemoteSwiftPackageReference "firebase-ios-sdk" */;
			productName = FirebaseAnalyticsOnDeviceConversion;
		};
		FA60ED9C2B93A44B0003A730 /* FirebaseAnalyticsSwift */ = {
			isa = XCSwiftPackageProductDependency;
			package = FA60ED972B93A44A0003A730 /* XCRemoteSwiftPackageReference "firebase-ios-sdk" */;
			productName = FirebaseAnalyticsSwift;
		};
		FA60ED9E2B93A44B0003A730 /* FirebaseAnalyticsWithoutAdIdSupport */ = {
			isa = XCSwiftPackageProductDependency;
			package = FA60ED972B93A44A0003A730 /* XCRemoteSwiftPackageReference "firebase-ios-sdk" */;
			productName = FirebaseAnalyticsWithoutAdIdSupport;
		};
		FA60EDA02B93A44B0003A730 /* FirebaseAppCheck */ = {
			isa = XCSwiftPackageProductDependency;
			package = FA60ED972B93A44A0003A730 /* XCRemoteSwiftPackageReference "firebase-ios-sdk" */;
			productName = FirebaseAppCheck;
		};
		FA60EDA22B93A44B0003A730 /* FirebaseAppDistribution-Beta */ = {
			isa = XCSwiftPackageProductDependency;
			package = FA60ED972B93A44A0003A730 /* XCRemoteSwiftPackageReference "firebase-ios-sdk" */;
			productName = "FirebaseAppDistribution-Beta";
		};
		FA60EDA42B93A44B0003A730 /* FirebaseAuth */ = {
			isa = XCSwiftPackageProductDependency;
			package = FA60ED972B93A44A0003A730 /* XCRemoteSwiftPackageReference "firebase-ios-sdk" */;
			productName = FirebaseAuth;
		};
		FA60EDA62B93A44B0003A730 /* FirebaseAuthCombine-Community */ = {
			isa = XCSwiftPackageProductDependency;
			package = FA60ED972B93A44A0003A730 /* XCRemoteSwiftPackageReference "firebase-ios-sdk" */;
			productName = "FirebaseAuthCombine-Community";
		};
		FA60EDA82B93A44B0003A730 /* FirebaseCrashlytics */ = {
			isa = XCSwiftPackageProductDependency;
			package = FA60ED972B93A44A0003A730 /* XCRemoteSwiftPackageReference "firebase-ios-sdk" */;
			productName = FirebaseCrashlytics;
		};
		FA60EDAA2B93A44B0003A730 /* FirebaseDatabase */ = {
			isa = XCSwiftPackageProductDependency;
			package = FA60ED972B93A44A0003A730 /* XCRemoteSwiftPackageReference "firebase-ios-sdk" */;
			productName = FirebaseDatabase;
		};
		FA60EDAC2B93A44B0003A730 /* FirebaseDatabaseSwift */ = {
			isa = XCSwiftPackageProductDependency;
			package = FA60ED972B93A44A0003A730 /* XCRemoteSwiftPackageReference "firebase-ios-sdk" */;
			productName = FirebaseDatabaseSwift;
		};
		FA60EDAE2B93A44B0003A730 /* FirebaseDynamicLinks */ = {
			isa = XCSwiftPackageProductDependency;
			package = FA60ED972B93A44A0003A730 /* XCRemoteSwiftPackageReference "firebase-ios-sdk" */;
			productName = FirebaseDynamicLinks;
		};
		FA60EDB02B93A44B0003A730 /* FirebaseFirestore */ = {
			isa = XCSwiftPackageProductDependency;
			package = FA60ED972B93A44A0003A730 /* XCRemoteSwiftPackageReference "firebase-ios-sdk" */;
			productName = FirebaseFirestore;
		};
		FA60EDB22B93A44B0003A730 /* FirebaseFirestoreCombine-Community */ = {
			isa = XCSwiftPackageProductDependency;
			package = FA60ED972B93A44A0003A730 /* XCRemoteSwiftPackageReference "firebase-ios-sdk" */;
			productName = "FirebaseFirestoreCombine-Community";
		};
		FA60EDB42B93A44B0003A730 /* FirebaseFirestoreSwift */ = {
			isa = XCSwiftPackageProductDependency;
			package = FA60ED972B93A44A0003A730 /* XCRemoteSwiftPackageReference "firebase-ios-sdk" */;
			productName = FirebaseFirestoreSwift;
		};
		FA60EDB62B93A44B0003A730 /* FirebaseFunctions */ = {
			isa = XCSwiftPackageProductDependency;
			package = FA60ED972B93A44A0003A730 /* XCRemoteSwiftPackageReference "firebase-ios-sdk" */;
			productName = FirebaseFunctions;
		};
		FA60EDB82B93A44B0003A730 /* FirebaseFunctionsCombine-Community */ = {
			isa = XCSwiftPackageProductDependency;
			package = FA60ED972B93A44A0003A730 /* XCRemoteSwiftPackageReference "firebase-ios-sdk" */;
			productName = "FirebaseFunctionsCombine-Community";
		};
		FA60EDBA2B93A44B0003A730 /* FirebaseInAppMessaging-Beta */ = {
			isa = XCSwiftPackageProductDependency;
			package = FA60ED972B93A44A0003A730 /* XCRemoteSwiftPackageReference "firebase-ios-sdk" */;
			productName = "FirebaseInAppMessaging-Beta";
		};
		FA60EDBC2B93A44B0003A730 /* FirebaseInAppMessagingSwift-Beta */ = {
			isa = XCSwiftPackageProductDependency;
			package = FA60ED972B93A44A0003A730 /* XCRemoteSwiftPackageReference "firebase-ios-sdk" */;
			productName = "FirebaseInAppMessagingSwift-Beta";
		};
		FA60EDBE2B93A44B0003A730 /* FirebaseInstallations */ = {
			isa = XCSwiftPackageProductDependency;
			package = FA60ED972B93A44A0003A730 /* XCRemoteSwiftPackageReference "firebase-ios-sdk" */;
			productName = FirebaseInstallations;
		};
		FA60EDC02B93A44B0003A730 /* FirebaseMLModelDownloader */ = {
			isa = XCSwiftPackageProductDependency;
			package = FA60ED972B93A44A0003A730 /* XCRemoteSwiftPackageReference "firebase-ios-sdk" */;
			productName = FirebaseMLModelDownloader;
		};
		FA60EDC22B93A44B0003A730 /* FirebaseMessaging */ = {
			isa = XCSwiftPackageProductDependency;
			package = FA60ED972B93A44A0003A730 /* XCRemoteSwiftPackageReference "firebase-ios-sdk" */;
			productName = FirebaseMessaging;
		};
		FA60EDC42B93A44B0003A730 /* FirebasePerformance */ = {
			isa = XCSwiftPackageProductDependency;
			package = FA60ED972B93A44A0003A730 /* XCRemoteSwiftPackageReference "firebase-ios-sdk" */;
			productName = FirebasePerformance;
		};
		FA60EDC62B93A44B0003A730 /* FirebaseRemoteConfig */ = {
			isa = XCSwiftPackageProductDependency;
			package = FA60ED972B93A44A0003A730 /* XCRemoteSwiftPackageReference "firebase-ios-sdk" */;
			productName = FirebaseRemoteConfig;
		};
		FA60EDC82B93A44B0003A730 /* FirebaseRemoteConfigSwift */ = {
			isa = XCSwiftPackageProductDependency;
			package = FA60ED972B93A44A0003A730 /* XCRemoteSwiftPackageReference "firebase-ios-sdk" */;
			productName = FirebaseRemoteConfigSwift;
		};
		FA60EDCA2B93A44B0003A730 /* FirebaseStorage */ = {
			isa = XCSwiftPackageProductDependency;
			package = FA60ED972B93A44A0003A730 /* XCRemoteSwiftPackageReference "firebase-ios-sdk" */;
			productName = FirebaseStorage;
		};
		FA60EDCC2B93A44B0003A730 /* FirebaseStorageCombine-Community */ = {
			isa = XCSwiftPackageProductDependency;
			package = FA60ED972B93A44A0003A730 /* XCRemoteSwiftPackageReference "firebase-ios-sdk" */;
			productName = "FirebaseStorageCombine-Community";
		};
/* End XCSwiftPackageProductDependency section */
	};
	rootObject = FA60ED752B939D840003A730 /* Project object */;
}
